
Microsoft Visual Studio Solution File, Format Version 12.00
# Visual Studio Version 17
VisualStudioVersion = 17.7.34003.232
MinimumVisualStudioVersion = 10.0.40219.1
Project("{8BC9CEB8-8B4A-11D0-8D11-00A0C91BC942}") = "text_820", "text_820\text_820.vcxproj", "{8FEEC0AA-2A15-4ACE-B09D-5BC1CB8C208B}"
EndProject
Global
	GlobalSection(SolutionConfigurationPlatforms) = preSolution
		Debug|x64 = Debug|x64
		Debug|x86 = Debug|x86
		Release|x64 = Release|x64
		Release|x86 = Release|x86
	EndGlobalSection
	GlobalSection(ProjectConfigurationPlatforms) = postSolution
		{8FEEC0AA-2A15-4ACE-B09D-5BC1CB8C208B}.Debug|x64.ActiveCfg = Debug|x64
		{8FEEC0AA-2A15-4ACE-B09D-5BC1CB8C208B}.Debug|x64.Build.0 = Debug|x64
		{8FEEC0AA-2A15-4ACE-B09D-5BC1CB8C208B}.Debug|x86.ActiveCfg = Debug|Win32
		{8FEEC0AA-2A15-4ACE-B09D-5BC1CB8C208B}.Debug|x86.Build.0 = Debug|Win32
		{8FEEC0AA-2A15-4ACE-B09D-5BC1CB8C208B}.Release|x64.ActiveCfg = Release|x64
		{8FEEC0AA-2A15-4ACE-B09D-5BC1CB8C208B}.Release|x64.Build.0 = Release|x64
		{8FEEC0AA-2A15-4ACE-B09D-5BC1CB8C208B}.Release|x86.ActiveCfg = Release|Win32
		{8FEEC0AA-2A15-4ACE-B09D-5BC1CB8C208B}.Release|x86.Build.0 = Release|Win32
	EndGlobalSection
	GlobalSection(SolutionProperties) = preSolution
		HideSolutionNode = FALSE
	EndGlobalSection
	GlobalSection(ExtensibilityGlobals) = postSolution
		SolutionGuid = {62D40739-928C-4537-8290-1093BD632775}
	EndGlobalSection
EndGlobal
